
Microsoft Visual Studio Solution File, Format Version 12.00
# Visual Studio Version 16
VisualStudioVersion = 16.0.31911.196
MinimumVisualStudioVersion = 10.0.40219.1
Project("{9A19103F-16F7-4668-BE54-9A1E7A4F7556}") = "auto-webbot", "auto-webbot\auto-webbot.csproj", "{E98B7DE5-ECEF-47F1-B988-356DA7030A94}"
EndProject
Project("{54435603-DBB4-11D2-8724-00A0C9A8B90C}") = "auto-kijiji", "Setup\Setup.vdproj", "{42496A9B-AB91-4D8B-AB96-92DBECCE6844}"
EndProject
Global
	GlobalSection(SolutionConfigurationPlatforms) = preSolution
		Debug|Any CPU = Debug|Any CPU
		Release|Any CPU = Release|Any CPU
	EndGlobalSection
	GlobalSection(ProjectConfigurationPlatforms) = postSolution
		{E98B7DE5-ECEF-47F1-B988-356DA7030A94}.Debug|Any CPU.ActiveCfg = Debug|Any CPU
		{E98B7DE5-ECEF-47F1-B988-356DA7030A94}.Debug|Any CPU.Build.0 = Debug|Any CPU
		{E98B7DE5-ECEF-47F1-B988-356DA7030A94}.Release|Any CPU.ActiveCfg = Release|Any CPU
		{E98B7DE5-ECEF-47F1-B988-356DA7030A94}.Release|Any CPU.Build.0 = Release|Any CPU
		{42496A9B-AB91-4D8B-AB96-92DBECCE6844}.Debug|Any CPU.ActiveCfg = Debug
		{42496A9B-AB91-4D8B-AB96-92DBECCE6844}.Debug|Any CPU.Build.0 = Debug
		{42496A9B-AB91-4D8B-AB96-92DBECCE6844}.Release|Any CPU.ActiveCfg = Release
	EndGlobalSection
	GlobalSection(SolutionProperties) = preSolution
		HideSolutionNode = FALSE
	EndGlobalSection
	GlobalSection(ExtensibilityGlobals) = postSolution
		SolutionGuid = {326A23DF-DBB7-45FC-8B11-F41469BF4458}
	EndGlobalSection
EndGlobal
